// !$*UTF8*$!
{
	archiveVersion = 1;
	classes = {
	};
	objectVersion = 56;
	objects = {

/* Begin PBXBuildFile section */
		BCF5F5EA2C493CB3002D9EA0 /* AppDelegate.swift in Sources */ = {isa = PBXBuildFile; fileRef = BCF5F5E92C493CB3002D9EA0 /* AppDelegate.swift */; };
		BCF5F5EC2C493CB3002D9EA0 /* SceneDelegate.swift in Sources */ = {isa = PBXBuildFile; fileRef = BCF5F5EB2C493CB3002D9EA0 /* SceneDelegate.swift */; };
		BCF5F5EE2C493CB3002D9EA0 /* ConfigViewController.swift in Sources */ = {isa = PBXBuildFile; fileRef = BCF5F5ED2C493CB3002D9EA0 /* ConfigViewController.swift */; };
		BCF5F5F32C493CB4002D9EA0 /* Assets.xcassets in Resources */ = {isa = PBXBuildFile; fileRef = BCF5F5F22C493CB4002D9EA0 /* Assets.xcassets */; };
		BCF5F5F62C493CB4002D9EA0 /* Base in Resources */ = {isa = PBXBuildFile; fileRef = BCF5F5F52C493CB4002D9EA0 /* Base */; };
		BCF5F6022C493D39002D9EA0 /* ConfigViewModel.swift in Sources */ = {isa = PBXBuildFile; fileRef = BCF5F6012C493D39002D9EA0 /* ConfigViewModel.swift */; };
		BCF5F6052C493D80002D9EA0 /* BaseViewController.swift in Sources */ = {isa = PBXBuildFile; fileRef = BCF5F6042C493D80002D9EA0 /* BaseViewController.swift */; };
		BCF5F6072C493D90002D9EA0 /* BaseView.swift in Sources */ = {isa = PBXBuildFile; fileRef = BCF5F6062C493D90002D9EA0 /* BaseView.swift */; };
		BCF5F6092C493F06002D9EA0 /* BaseViewModel.swift in Sources */ = {isa = PBXBuildFile; fileRef = BCF5F6082C493F06002D9EA0 /* BaseViewModel.swift */; };
		BCF5F60B2C494249002D9EA0 /* ConfigView.swift in Sources */ = {isa = PBXBuildFile; fileRef = BCF5F60A2C494249002D9EA0 /* ConfigView.swift */; };
		BCF5F60E2C4942D1002D9EA0 /* Then in Frameworks */ = {isa = PBXBuildFile; productRef = BCF5F60D2C4942D1002D9EA0 /* Then */; };
		BCF5F6112C4942DB002D9EA0 /* SnapKit in Frameworks */ = {isa = PBXBuildFile; productRef = BCF5F6102C4942DB002D9EA0 /* SnapKit */; };
		BCF5F61D2C4A4D80002D9EA0 /* ConfigModel.swift in Sources */ = {isa = PBXBuildFile; fileRef = BCF5F61C2C4A4D80002D9EA0 /* ConfigModel.swift */; };
		BCF5F6352C4A53D5002D9EA0 /* ChattingListModel.swift in Sources */ = {isa = PBXBuildFile; fileRef = BCF5F62C2C4A53D5002D9EA0 /* ChattingListModel.swift */; };
		BCF5F6362C4A53D5002D9EA0 /* ChattingListSection.swift in Sources */ = {isa = PBXBuildFile; fileRef = BCF5F62D2C4A53D5002D9EA0 /* ChattingListSection.swift */; };
		BCF5F6372C4A53D5002D9EA0 /* ChattingListViewController.swift in Sources */ = {isa = PBXBuildFile; fileRef = BCF5F62F2C4A53D5002D9EA0 /* ChattingListViewController.swift */; };
		BCF5F6382C4A53D5002D9EA0 /* ChattingView.swift in Sources */ = {isa = PBXBuildFile; fileRef = BCF5F6302C4A53D5002D9EA0 /* ChattingView.swift */; };
		BCF5F6392C4A53D5002D9EA0 /* ChattingListViewModel.swift in Sources */ = {isa = PBXBuildFile; fileRef = BCF5F6322C4A53D5002D9EA0 /* ChattingListViewModel.swift */; };
/* End PBXBuildFile section */

/* Begin PBXFileReference section */
		BCF5F5E62C493CB3002D9EA0 /* CollectionViewPractice.app */ = {isa = PBXFileReference; explicitFileType = wrapper.application; includeInIndex = 0; path = CollectionViewPractice.app; sourceTree = BUILT_PRODUCTS_DIR; };
		BCF5F5E92C493CB3002D9EA0 /* AppDelegate.swift */ = {isa = PBXFileReference; lastKnownFileType = sourcecode.swift; path = AppDelegate.swift; sourceTree = "<group>"; };
		BCF5F5EB2C493CB3002D9EA0 /* SceneDelegate.swift */ = {isa = PBXFileReference; lastKnownFileType = sourcecode.swift; path = SceneDelegate.swift; sourceTree = "<group>"; };
		BCF5F5ED2C493CB3002D9EA0 /* ConfigViewController.swift */ = {isa = PBXFileReference; lastKnownFileType = sourcecode.swift; path = ConfigViewController.swift; sourceTree = "<group>"; };
		BCF5F5F22C493CB4002D9EA0 /* Assets.xcassets */ = {isa = PBXFileReference; lastKnownFileType = folder.assetcatalog; path = Assets.xcassets; sourceTree = "<group>"; };
		BCF5F5F52C493CB4002D9EA0 /* Base */ = {isa = PBXFileReference; lastKnownFileType = file.storyboard; name = Base; path = Base.lproj/LaunchScreen.storyboard; sourceTree = "<group>"; };
		BCF5F5F72C493CB4002D9EA0 /* Info.plist */ = {isa = PBXFileReference; lastKnownFileType = text.plist.xml; path = Info.plist; sourceTree = "<group>"; };
		BCF5F6012C493D39002D9EA0 /* ConfigViewModel.swift */ = {isa = PBXFileReference; lastKnownFileType = sourcecode.swift; path = ConfigViewModel.swift; sourceTree = "<group>"; };
		BCF5F6042C493D80002D9EA0 /* BaseViewController.swift */ = {isa = PBXFileReference; lastKnownFileType = sourcecode.swift; path = BaseViewController.swift; sourceTree = "<group>"; };
		BCF5F6062C493D90002D9EA0 /* BaseView.swift */ = {isa = PBXFileReference; lastKnownFileType = sourcecode.swift; path = BaseView.swift; sourceTree = "<group>"; };
		BCF5F6082C493F06002D9EA0 /* BaseViewModel.swift */ = {isa = PBXFileReference; lastKnownFileType = sourcecode.swift; path = BaseViewModel.swift; sourceTree = "<group>"; };
		BCF5F60A2C494249002D9EA0 /* ConfigView.swift */ = {isa = PBXFileReference; lastKnownFileType = sourcecode.swift; path = ConfigView.swift; sourceTree = "<group>"; };
		BCF5F61C2C4A4D80002D9EA0 /* ConfigModel.swift */ = {isa = PBXFileReference; lastKnownFileType = sourcecode.swift; path = ConfigModel.swift; sourceTree = "<group>"; };
		BCF5F62C2C4A53D5002D9EA0 /* ChattingListModel.swift */ = {isa = PBXFileReference; fileEncoding = 4; lastKnownFileType = sourcecode.swift; path = ChattingListModel.swift; sourceTree = "<group>"; };
		BCF5F62D2C4A53D5002D9EA0 /* ChattingListSection.swift */ = {isa = PBXFileReference; fileEncoding = 4; lastKnownFileType = sourcecode.swift; path = ChattingListSection.swift; sourceTree = "<group>"; };
		BCF5F62F2C4A53D5002D9EA0 /* ChattingListViewController.swift */ = {isa = PBXFileReference; fileEncoding = 4; lastKnownFileType = sourcecode.swift; path = ChattingListViewController.swift; sourceTree = "<group>"; };
		BCF5F6302C4A53D5002D9EA0 /* ChattingView.swift */ = {isa = PBXFileReference; fileEncoding = 4; lastKnownFileType = sourcecode.swift; path = ChattingView.swift; sourceTree = "<group>"; };
		BCF5F6322C4A53D5002D9EA0 /* ChattingListViewModel.swift */ = {isa = PBXFileReference; fileEncoding = 4; lastKnownFileType = sourcecode.swift; path = ChattingListViewModel.swift; sourceTree = "<group>"; };
/* End PBXFileReference section */

/* Begin PBXFrameworksBuildPhase section */
		BCF5F5E32C493CB3002D9EA0 /* Frameworks */ = {
			isa = PBXFrameworksBuildPhase;
			buildActionMask = 2147483647;
			files = (
				BCF5F60E2C4942D1002D9EA0 /* Then in Frameworks */,
				BCF5F6112C4942DB002D9EA0 /* SnapKit in Frameworks */,
			);
			runOnlyForDeploymentPostprocessing = 0;
		};
/* End PBXFrameworksBuildPhase section */

/* Begin PBXGroup section */
		BCF5F5DD2C493CB3002D9EA0 = {
			isa = PBXGroup;
			children = (
				BCF5F5E82C493CB3002D9EA0 /* CollectionViewPractice */,
				BCF5F5E72C493CB3002D9EA0 /* Products */,
			);
			sourceTree = "<group>";
		};
		BCF5F5E72C493CB3002D9EA0 /* Products */ = {
			isa = PBXGroup;
			children = (
				BCF5F5E62C493CB3002D9EA0 /* CollectionViewPractice.app */,
			);
			name = Products;
			sourceTree = "<group>";
		};
		BCF5F5E82C493CB3002D9EA0 /* CollectionViewPractice */ = {
			isa = PBXGroup;
			children = (
				BCF5F6032C493D76002D9EA0 /* Base */,
				BCF5F6342C4A53D5002D9EA0 /* ChattingList */,
				BCF5F5FD2C493D12002D9EA0 /* Config */,
				BCF5F5E92C493CB3002D9EA0 /* AppDelegate.swift */,
				BCF5F5EB2C493CB3002D9EA0 /* SceneDelegate.swift */,
				BCF5F5F22C493CB4002D9EA0 /* Assets.xcassets */,
				BCF5F5F42C493CB4002D9EA0 /* LaunchScreen.storyboard */,
				BCF5F5F72C493CB4002D9EA0 /* Info.plist */,
			);
			path = CollectionViewPractice;
			sourceTree = "<group>";
		};
		BCF5F5FD2C493D12002D9EA0 /* Config */ = {
			isa = PBXGroup;
			children = (
				BCF5F6002C493D21002D9EA0 /* Model */,
				BCF5F5FF2C493D1D002D9EA0 /* View */,
				BCF5F5FE2C493D17002D9EA0 /* ViewModel */,
			);
			path = Config;
			sourceTree = "<group>";
		};
		BCF5F5FE2C493D17002D9EA0 /* ViewModel */ = {
			isa = PBXGroup;
			children = (
				BCF5F6012C493D39002D9EA0 /* ConfigViewModel.swift */,
			);
			path = ViewModel;
			sourceTree = "<group>";
		};
		BCF5F5FF2C493D1D002D9EA0 /* View */ = {
			isa = PBXGroup;
			children = (
				BCF5F5ED2C493CB3002D9EA0 /* ConfigViewController.swift */,
				BCF5F60A2C494249002D9EA0 /* ConfigView.swift */,
			);
			path = View;
			sourceTree = "<group>";
		};
		BCF5F6002C493D21002D9EA0 /* Model */ = {
			isa = PBXGroup;
			children = (
				BCF5F61C2C4A4D80002D9EA0 /* ConfigModel.swift */,
			);
			path = Model;
			sourceTree = "<group>";
		};
		BCF5F6032C493D76002D9EA0 /* Base */ = {
			isa = PBXGroup;
			children = (
				BCF5F6062C493D90002D9EA0 /* BaseView.swift */,
				BCF5F6042C493D80002D9EA0 /* BaseViewController.swift */,
				BCF5F6082C493F06002D9EA0 /* BaseViewModel.swift */,
			);
			path = Base;
			sourceTree = "<group>";
		};
		BCF5F62E2C4A53D5002D9EA0 /* Model */ = {
			isa = PBXGroup;
			children = (
				BCF5F62C2C4A53D5002D9EA0 /* ChattingListModel.swift */,
				BCF5F62D2C4A53D5002D9EA0 /* ChattingListSection.swift */,
			);
			path = Model;
			sourceTree = "<group>";
		};
		BCF5F6312C4A53D5002D9EA0 /* View */ = {
			isa = PBXGroup;
			children = (
				BCF5F62F2C4A53D5002D9EA0 /* ChattingListViewController.swift */,
				BCF5F6302C4A53D5002D9EA0 /* ChattingView.swift */,
			);
			path = View;
			sourceTree = "<group>";
		};
		BCF5F6332C4A53D5002D9EA0 /* ViewModel */ = {
			isa = PBXGroup;
			children = (
				BCF5F6322C4A53D5002D9EA0 /* ChattingListViewModel.swift */,
			);
			path = ViewModel;
			sourceTree = "<group>";
		};
		BCF5F6342C4A53D5002D9EA0 /* ChattingList */ = {
			isa = PBXGroup;
			children = (
				BCF5F62E2C4A53D5002D9EA0 /* Model */,
				BCF5F6312C4A53D5002D9EA0 /* View */,
				BCF5F6332C4A53D5002D9EA0 /* ViewModel */,
			);
			path = ChattingList;
			sourceTree = "<group>";
		};
/* End PBXGroup section */

/* Begin PBXNativeTarget section */
		BCF5F5E52C493CB3002D9EA0 /* CollectionViewPractice */ = {
			isa = PBXNativeTarget;
			buildConfigurationList = BCF5F5FA2C493CB4002D9EA0 /* Build configuration list for PBXNativeTarget "CollectionViewPractice" */;
			buildPhases = (
				BCF5F5E22C493CB3002D9EA0 /* Sources */,
				BCF5F5E32C493CB3002D9EA0 /* Frameworks */,
				BCF5F5E42C493CB3002D9EA0 /* Resources */,
			);
			buildRules = (
			);
			dependencies = (
			);
			name = CollectionViewPractice;
			packageProductDependencies = (
				BCF5F60D2C4942D1002D9EA0 /* Then */,
				BCF5F6102C4942DB002D9EA0 /* SnapKit */,
			);
			productName = CollectionViewPractice;
			productReference = BCF5F5E62C493CB3002D9EA0 /* CollectionViewPractice.app */;
			productType = "com.apple.product-type.application";
		};
/* End PBXNativeTarget section */

/* Begin PBXProject section */
		BCF5F5DE2C493CB3002D9EA0 /* Project object */ = {
			isa = PBXProject;
			attributes = {
				BuildIndependentTargetsInParallel = 1;
				LastSwiftUpdateCheck = 1540;
				LastUpgradeCheck = 1540;
				TargetAttributes = {
					BCF5F5E52C493CB3002D9EA0 = {
						CreatedOnToolsVersion = 15.4;
					};
				};
			};
			buildConfigurationList = BCF5F5E12C493CB3002D9EA0 /* Build configuration list for PBXProject "CollectionViewPractice" */;
			compatibilityVersion = "Xcode 14.0";
			developmentRegion = en;
			hasScannedForEncodings = 0;
			knownRegions = (
				en,
				Base,
			);
			mainGroup = BCF5F5DD2C493CB3002D9EA0;
			packageReferences = (
				BCF5F60C2C4942D1002D9EA0 /* XCRemoteSwiftPackageReference "Then" */,
				BCF5F60F2C4942DB002D9EA0 /* XCRemoteSwiftPackageReference "SnapKit" */,
			);
			productRefGroup = BCF5F5E72C493CB3002D9EA0 /* Products */;
			projectDirPath = "";
			projectRoot = "";
			targets = (
				BCF5F5E52C493CB3002D9EA0 /* CollectionViewPractice */,
			);
		};
/* End PBXProject section */

/* Begin PBXResourcesBuildPhase section */
		BCF5F5E42C493CB3002D9EA0 /* Resources */ = {
			isa = PBXResourcesBuildPhase;
			buildActionMask = 2147483647;
			files = (
				BCF5F5F32C493CB4002D9EA0 /* Assets.xcassets in Resources */,
				BCF5F5F62C493CB4002D9EA0 /* Base in Resources */,
			);
			runOnlyForDeploymentPostprocessing = 0;
		};
/* End PBXResourcesBuildPhase section */

/* Begin PBXSourcesBuildPhase section */
		BCF5F5E22C493CB3002D9EA0 /* Sources */ = {
			isa = PBXSourcesBuildPhase;
			buildActionMask = 2147483647;
			files = (
				BCF5F6362C4A53D5002D9EA0 /* ChattingListSection.swift in Sources */,
				BCF5F6052C493D80002D9EA0 /* BaseViewController.swift in Sources */,
				BCF5F61D2C4A4D80002D9EA0 /* ConfigModel.swift in Sources */,
				BCF5F5EE2C493CB3002D9EA0 /* ConfigViewController.swift in Sources */,
				BCF5F6372C4A53D5002D9EA0 /* ChattingListViewController.swift in Sources */,
				BCF5F6352C4A53D5002D9EA0 /* ChattingListModel.swift in Sources */,
				BCF5F6382C4A53D5002D9EA0 /* ChattingView.swift in Sources */,
				BCF5F5EA2C493CB3002D9EA0 /* AppDelegate.swift in Sources */,
				BCF5F6092C493F06002D9EA0 /* BaseViewModel.swift in Sources */,
				BCF5F60B2C494249002D9EA0 /* ConfigView.swift in Sources */,
				BCF5F6072C493D90002D9EA0 /* BaseView.swift in Sources */,
				BCF5F6022C493D39002D9EA0 /* ConfigViewModel.swift in Sources */,
				BCF5F6392C4A53D5002D9EA0 /* ChattingListViewModel.swift in Sources */,
				BCF5F5EC2C493CB3002D9EA0 /* SceneDelegate.swift in Sources */,
			);
			runOnlyForDeploymentPostprocessing = 0;
		};
/* End PBXSourcesBuildPhase section */

/* Begin PBXVariantGroup section */
		BCF5F5F42C493CB4002D9EA0 /* LaunchScreen.storyboard */ = {
			isa = PBXVariantGroup;
			children = (
				BCF5F5F52C493CB4002D9EA0 /* Base */,
			);
			name = LaunchScreen.storyboard;
			sourceTree = "<group>";
		};
/* End PBXVariantGroup section */

/* Begin XCBuildConfiguration section */
		BCF5F5F82C493CB4002D9EA0 /* Debug */ = {
			isa = XCBuildConfiguration;
			buildSettings = {
				ALWAYS_SEARCH_USER_PATHS = NO;
				ASSETCATALOG_COMPILER_GENERATE_SWIFT_ASSET_SYMBOL_EXTENSIONS = YES;
				CLANG_ANALYZER_NONNULL = YES;
				CLANG_ANALYZER_NUMBER_OBJECT_CONVERSION = YES_AGGRESSIVE;
				CLANG_CXX_LANGUAGE_STANDARD = "gnu++20";
				CLANG_ENABLE_MODULES = YES;
				CLANG_ENABLE_OBJC_ARC = YES;
				CLANG_ENABLE_OBJC_WEAK = YES;
				CLANG_WARN_BLOCK_CAPTURE_AUTORELEASING = YES;
				CLANG_WARN_BOOL_CONVERSION = YES;
				CLANG_WARN_COMMA = YES;
				CLANG_WARN_CONSTANT_CONVERSION = YES;
				CLANG_WARN_DEPRECATED_OBJC_IMPLEMENTATIONS = YES;
				CLANG_WARN_DIRECT_OBJC_ISA_USAGE = YES_ERROR;
				CLANG_WARN_DOCUMENTATION_COMMENTS = YES;
				CLANG_WARN_EMPTY_BODY = YES;
				CLANG_WARN_ENUM_CONVERSION = YES;
				CLANG_WARN_INFINITE_RECURSION = YES;
				CLANG_WARN_INT_CONVERSION = YES;
				CLANG_WARN_NON_LITERAL_NULL_CONVERSION = YES;
				CLANG_WARN_OBJC_IMPLICIT_RETAIN_SELF = YES;
				CLANG_WARN_OBJC_LITERAL_CONVERSION = YES;
				CLANG_WARN_OBJC_ROOT_CLASS = YES_ERROR;
				CLANG_WARN_QUOTED_INCLUDE_IN_FRAMEWORK_HEADER = YES;
				CLANG_WARN_RANGE_LOOP_ANALYSIS = YES;
				CLANG_WARN_STRICT_PROTOTYPES = YES;
				CLANG_WARN_SUSPICIOUS_MOVE = YES;
				CLANG_WARN_UNGUARDED_AVAILABILITY = YES_AGGRESSIVE;
				CLANG_WARN_UNREACHABLE_CODE = YES;
				CLANG_WARN__DUPLICATE_METHOD_MATCH = YES;
				COPY_PHASE_STRIP = NO;
				DEBUG_INFORMATION_FORMAT = dwarf;
				ENABLE_STRICT_OBJC_MSGSEND = YES;
				ENABLE_TESTABILITY = YES;
				ENABLE_USER_SCRIPT_SANDBOXING = YES;
				GCC_C_LANGUAGE_STANDARD = gnu17;
				GCC_DYNAMIC_NO_PIC = NO;
				GCC_NO_COMMON_BLOCKS = YES;
				GCC_OPTIMIZATION_LEVEL = 0;
				GCC_PREPROCESSOR_DEFINITIONS = (
					"DEBUG=1",
					"$(inherited)",
				);
				GCC_WARN_64_TO_32_BIT_CONVERSION = YES;
				GCC_WARN_ABOUT_RETURN_TYPE = YES_ERROR;
				GCC_WARN_UNDECLARED_SELECTOR = YES;
				GCC_WARN_UNINITIALIZED_AUTOS = YES_AGGRESSIVE;
				GCC_WARN_UNUSED_FUNCTION = YES;
				GCC_WARN_UNUSED_VARIABLE = YES;
				IPHONEOS_DEPLOYMENT_TARGET = 17.5;
				LOCALIZATION_PREFERS_STRING_CATALOGS = YES;
				MTL_ENABLE_DEBUG_INFO = INCLUDE_SOURCE;
				MTL_FAST_MATH = YES;
				ONLY_ACTIVE_ARCH = YES;
				SDKROOT = iphoneos;
				SWIFT_ACTIVE_COMPILATION_CONDITIONS = "DEBUG $(inherited)";
				SWIFT_OPTIMIZATION_LEVEL = "-Onone";
			};
			name = Debug;
		};
		BCF5F5F92C493CB4002D9EA0 /* Release */ = {
			isa = XCBuildConfiguration;
			buildSettings = {
				ALWAYS_SEARCH_USER_PATHS = NO;
				ASSETCATALOG_COMPILER_GENERATE_SWIFT_ASSET_SYMBOL_EXTENSIONS = YES;
				CLANG_ANALYZER_NONNULL = YES;
				CLANG_ANALYZER_NUMBER_OBJECT_CONVERSION = YES_AGGRESSIVE;
				CLANG_CXX_LANGUAGE_STANDARD = "gnu++20";
				CLANG_ENABLE_MODULES = YES;
				CLANG_ENABLE_OBJC_ARC = YES;
				CLANG_ENABLE_OBJC_WEAK = YES;
				CLANG_WARN_BLOCK_CAPTURE_AUTORELEASING = YES;
				CLANG_WARN_BOOL_CONVERSION = YES;
				CLANG_WARN_COMMA = YES;
				CLANG_WARN_CONSTANT_CONVERSION = YES;
				CLANG_WARN_DEPRECATED_OBJC_IMPLEMENTATIONS = YES;
				CLANG_WARN_DIRECT_OBJC_ISA_USAGE = YES_ERROR;
				CLANG_WARN_DOCUMENTATION_COMMENTS = YES;
				CLANG_WARN_EMPTY_BODY = YES;
				CLANG_WARN_ENUM_CONVERSION = YES;
				CLANG_WARN_INFINITE_RECURSION = YES;
				CLANG_WARN_INT_CONVERSION = YES;
				CLANG_WARN_NON_LITERAL_NULL_CONVERSION = YES;
				CLANG_WARN_OBJC_IMPLICIT_RETAIN_SELF = YES;
				CLANG_WARN_OBJC_LITERAL_CONVERSION = YES;
				CLANG_WARN_OBJC_ROOT_CLASS = YES_ERROR;
				CLANG_WARN_QUOTED_INCLUDE_IN_FRAMEWORK_HEADER = YES;
				CLANG_WARN_RANGE_LOOP_ANALYSIS = YES;
				CLANG_WARN_STRICT_PROTOTYPES = YES;
				CLANG_WARN_SUSPICIOUS_MOVE = YES;
				CLANG_WARN_UNGUARDED_AVAILABILITY = YES_AGGRESSIVE;
				CLANG_WARN_UNREACHABLE_CODE = YES;
				CLANG_WARN__DUPLICATE_METHOD_MATCH = YES;
				COPY_PHASE_STRIP = NO;
				DEBUG_INFORMATION_FORMAT = "dwarf-with-dsym";
				ENABLE_NS_ASSERTIONS = NO;
				ENABLE_STRICT_OBJC_MSGSEND = YES;
				ENABLE_USER_SCRIPT_SANDBOXING = YES;
				GCC_C_LANGUAGE_STANDARD = gnu17;
				GCC_NO_COMMON_BLOCKS = YES;
				GCC_WARN_64_TO_32_BIT_CONVERSION = YES;
				GCC_WARN_ABOUT_RETURN_TYPE = YES_ERROR;
				GCC_WARN_UNDECLARED_SELECTOR = YES;
				GCC_WARN_UNINITIALIZED_AUTOS = YES_AGGRESSIVE;
				GCC_WARN_UNUSED_FUNCTION = YES;
				GCC_WARN_UNUSED_VARIABLE = YES;
				IPHONEOS_DEPLOYMENT_TARGET = 17.5;
				LOCALIZATION_PREFERS_STRING_CATALOGS = YES;
				MTL_ENABLE_DEBUG_INFO = NO;
				MTL_FAST_MATH = YES;
				SDKROOT = iphoneos;
				SWIFT_COMPILATION_MODE = wholemodule;
				VALIDATE_PRODUCT = YES;
			};
			name = Release;
		};
		BCF5F5FB2C493CB4002D9EA0 /* Debug */ = {
			isa = XCBuildConfiguration;
			buildSettings = {
				ASSETCATALOG_COMPILER_APPICON_NAME = AppIcon;
				ASSETCATALOG_COMPILER_GLOBAL_ACCENT_COLOR_NAME = AccentColor;
				CODE_SIGN_STYLE = Automatic;
				CURRENT_PROJECT_VERSION = 1;
				GENERATE_INFOPLIST_FILE = YES;
				INFOPLIST_FILE = CollectionViewPractice/Info.plist;
				INFOPLIST_KEY_UIApplicationSupportsIndirectInputEvents = YES;
				INFOPLIST_KEY_UILaunchStoryboardName = LaunchScreen;
				INFOPLIST_KEY_UISupportedInterfaceOrientations = UIInterfaceOrientationPortrait;
				INFOPLIST_KEY_UISupportedInterfaceOrientations_iPad = UIInterfaceOrientationPortrait;
				IPHONEOS_DEPLOYMENT_TARGET = 16.0;
				LD_RUNPATH_SEARCH_PATHS = (
					"$(inherited)",
					"@executable_path/Frameworks",
				);
				MARKETING_VERSION = 1.0;
				PRODUCT_BUNDLE_IDENTIFIER = tunastorm.CollectionViewPractice;
				PRODUCT_NAME = "$(TARGET_NAME)";
				SUPPORTED_PLATFORMS = "iphoneos iphonesimulator";
				SUPPORTS_MACCATALYST = NO;
				SUPPORTS_MAC_DESIGNED_FOR_IPHONE_IPAD = NO;
				SUPPORTS_XR_DESIGNED_FOR_IPHONE_IPAD = NO;
				SWIFT_EMIT_LOC_STRINGS = YES;
				SWIFT_VERSION = 5.0;
				TARGETED_DEVICE_FAMILY = 1;
			};
			name = Debug;
		};
		BCF5F5FC2C493CB4002D9EA0 /* Release */ = {
			isa = XCBuildConfiguration;
			buildSettings = {
				ASSETCATALOG_COMPILER_APPICON_NAME = AppIcon;
				ASSETCATALOG_COMPILER_GLOBAL_ACCENT_COLOR_NAME = AccentColor;
				CODE_SIGN_STYLE = Automatic;
				CURRENT_PROJECT_VERSION = 1;
				GENERATE_INFOPLIST_FILE = YES;
				INFOPLIST_FILE = CollectionViewPractice/Info.plist;
				INFOPLIST_KEY_UIApplicationSupportsIndirectInputEvents = YES;
				INFOPLIST_KEY_UILaunchStoryboardName = LaunchScreen;
				INFOPLIST_KEY_UISupportedInterfaceOrientations = UIInterfaceOrientationPortrait;
				INFOPLIST_KEY_UISupportedInterfaceOrientations_iPad = UIInterfaceOrientationPortrait;
				IPHONEOS_DEPLOYMENT_TARGET = 16.0;
				LD_RUNPATH_SEARCH_PATHS = (
					"$(inherited)",
					"@executable_path/Frameworks",
				);
				MARKETING_VERSION = 1.0;
				PRODUCT_BUNDLE_IDENTIFIER = tunastorm.CollectionViewPractice;
				PRODUCT_NAME = "$(TARGET_NAME)";
				SUPPORTED_PLATFORMS = "iphoneos iphonesimulator";
				SUPPORTS_MACCATALYST = NO;
				SUPPORTS_MAC_DESIGNED_FOR_IPHONE_IPAD = NO;
				SUPPORTS_XR_DESIGNED_FOR_IPHONE_IPAD = NO;
				SWIFT_EMIT_LOC_STRINGS = YES;
				SWIFT_VERSION = 5.0;
				TARGETED_DEVICE_FAMILY = 1;
			};
			name = Release;
		};
/* End XCBuildConfiguration section */

/* Begin XCConfigurationList section */
		BCF5F5E12C493CB3002D9EA0 /* Build configuration list for PBXProject "CollectionViewPractice" */ = {
			isa = XCConfigurationList;
			buildConfigurations = (
				BCF5F5F82C493CB4002D9EA0 /* Debug */,
				BCF5F5F92C493CB4002D9EA0 /* Release */,
			);
			defaultConfigurationIsVisible = 0;
			defaultConfigurationName = Release;
		};
		BCF5F5FA2C493CB4002D9EA0 /* Build configuration list for PBXNativeTarget "CollectionViewPractice" */ = {
			isa = XCConfigurationList;
			buildConfigurations = (
				BCF5F5FB2C493CB4002D9EA0 /* Debug */,
				BCF5F5FC2C493CB4002D9EA0 /* Release */,
			);
			defaultConfigurationIsVisible = 0;
			defaultConfigurationName = Release;
		};
/* End XCConfigurationList section */

/* Begin XCRemoteSwiftPackageReference section */
		BCF5F60C2C4942D1002D9EA0 /* XCRemoteSwiftPackageReference "Then" */ = {
			isa = XCRemoteSwiftPackageReference;
			repositoryURL = "https://github.com/devxoul/Then.git";
			requirement = {
				kind = upToNextMajorVersion;
				minimumVersion = 3.0.0;
			};
		};
		BCF5F60F2C4942DB002D9EA0 /* XCRemoteSwiftPackageReference "SnapKit" */ = {
			isa = XCRemoteSwiftPackageReference;
			repositoryURL = "https://github.com/SnapKit/SnapKit.git";
			requirement = {
				kind = upToNextMajorVersion;
				minimumVersion = 5.7.1;
			};
		};
/* End XCRemoteSwiftPackageReference section */

/* Begin XCSwiftPackageProductDependency section */
		BCF5F60D2C4942D1002D9EA0 /* Then */ = {
			isa = XCSwiftPackageProductDependency;
			package = BCF5F60C2C4942D1002D9EA0 /* XCRemoteSwiftPackageReference "Then" */;
			productName = Then;
		};
		BCF5F6102C4942DB002D9EA0 /* SnapKit */ = {
			isa = XCSwiftPackageProductDependency;
			package = BCF5F60F2C4942DB002D9EA0 /* XCRemoteSwiftPackageReference "SnapKit" */;
			productName = SnapKit;
		};
/* End XCSwiftPackageProductDependency section */
	};
	rootObject = BCF5F5DE2C493CB3002D9EA0 /* Project object */;
}
